
Microsoft Visual Studio Solution File, Format Version 11.00
# Visual Studio 2010
Project("{8BC9CEB8-8B4A-11D0-8D11-00A0C91BC942}") = "FolderSizeWin32", "FolderSizeWin32\FolderSizeWin32.vcxproj", "{36C10D08-E32C-488C-B684-CF6B2A81209A}"
	ProjectSection(ProjectDependencies) = postProject
		{EF6D2438-1950-49BD-9A22-CCDDD2A30BC1} = {EF6D2438-1950-49BD-9A22-CCDDD2A30BC1}
	EndProjectSection
EndProject
Project("{FAE04EC0-301F-11D3-BF4B-00C04F79EFBC}") = "SetupBuildEnvironment", "SetupBuildEnvironment\SetupBuildEnvironment.csproj", "{EF6D2438-1950-49BD-9A22-CCDDD2A30BC1}"
EndProject
Global
	GlobalSection(SolutionConfigurationPlatforms) = preSolution
		Debug|Mixed Platforms = Debug|Mixed Platforms
		Debug|Win32 = Debug|Win32
		Debug|x86 = Debug|x86
		Release|Mixed Platforms = Release|Mixed Platforms
		Release|Win32 = Release|Win32
		Release|x86 = Release|x86
	EndGlobalSection
	GlobalSection(ProjectConfigurationPlatforms) = postSolution
		{36C10D08-E32C-488C-B684-CF6B2A81209A}.Debug|Mixed Platforms.ActiveCfg = Debug|Win32
		{36C10D08-E32C-488C-B684-CF6B2A81209A}.Debug|Mixed Platforms.Build.0 = Debug|Win32
		{36C10D08-E32C-488C-B684-CF6B2A81209A}.Debug|Win32.ActiveCfg = Debug|Win32
		{36C10D08-E32C-488C-B684-CF6B2A81209A}.Debug|Win32.Build.0 = Debug|Win32
		{36C10D08-E32C-488C-B684-CF6B2A81209A}.Debug|x86.ActiveCfg = Debug|Win32
		{36C10D08-E32C-488C-B684-CF6B2A81209A}.Release|Mixed Platforms.ActiveCfg = Release|Win32
		{36C10D08-E32C-488C-B684-CF6B2A81209A}.Release|Mixed Platforms.Build.0 = Release|Win32
		{36C10D08-E32C-488C-B684-CF6B2A81209A}.Release|Win32.ActiveCfg = Release|Win32
		{36C10D08-E32C-488C-B684-CF6B2A81209A}.Release|Win32.Build.0 = Release|Win32
		{36C10D08-E32C-488C-B684-CF6B2A81209A}.Release|x86.ActiveCfg = Release|Win32
		{EF6D2438-1950-49BD-9A22-CCDDD2A30BC1}.Debug|Mixed Platforms.ActiveCfg = Debug|x86
		{EF6D2438-1950-49BD-9A22-CCDDD2A30BC1}.Debug|Mixed Platforms.Build.0 = Debug|x86
		{EF6D2438-1950-49BD-9A22-CCDDD2A30BC1}.Debug|Win32.ActiveCfg = Debug|x86
		{EF6D2438-1950-49BD-9A22-CCDDD2A30BC1}.Debug|x86.ActiveCfg = Debug|x86
		{EF6D2438-1950-49BD-9A22-CCDDD2A30BC1}.Debug|x86.Build.0 = Debug|x86
		{EF6D2438-1950-49BD-9A22-CCDDD2A30BC1}.Release|Mixed Platforms.ActiveCfg = Release|x86
		{EF6D2438-1950-49BD-9A22-CCDDD2A30BC1}.Release|Mixed Platforms.Build.0 = Release|x86
		{EF6D2438-1950-49BD-9A22-CCDDD2A30BC1}.Release|Win32.ActiveCfg = Release|x86
		{EF6D2438-1950-49BD-9A22-CCDDD2A30BC1}.Release|x86.ActiveCfg = Release|x86
		{EF6D2438-1950-49BD-9A22-CCDDD2A30BC1}.Release|x86.Build.0 = Release|x86
	EndGlobalSection
	GlobalSection(SolutionProperties) = preSolution
		HideSolutionNode = FALSE
	EndGlobalSection
EndGlobal
